
Microsoft Visual Studio Solution File, Format Version 12.00
# Visual Studio Version 17
VisualStudioVersion = 17.0.31903.59
MinimumVisualStudioVersion = 10.0.40219.1
Project("{2150E333-8FDC-42A3-9474-1A3956D46DE8}") = "build", "build", "{30006747-5ED8-4FAE-8444-C267675556C7}"
	ProjectSection(SolutionItems) = preProject
		global.json = global.json
		build.ps1 = build.ps1
		README.md = README.md
		RELEASE_NOTES.md = RELEASE_NOTES.md
		src\Directory.Build.props = src\Directory.Build.props
		src\Directory.Packages.props = src\Directory.Packages.props
		src\NuGet.config = src\NuGet.config
	EndProjectSection
EndProject
Project("{FAE04EC0-301F-11D3-BF4B-00C04F79EFBC}") = "LinkValidator", "src\LinkValidator\LinkValidator.csproj", "{735F5CB0-2BD5-4BE4-86FF-794EF5519E78}"
EndProject
Project("{FAE04EC0-301F-11D3-BF4B-00C04F79EFBC}") = "LinkValidator.Tests", "src\LinkValidator.Tests\LinkValidator.Tests.csproj", "{59264D03-A1D6-4C1D-A77F-4486B846DB1D}"
EndProject
Global
	GlobalSection(SolutionConfigurationPlatforms) = preSolution
		Debug|Any CPU = Debug|Any CPU
		Release|Any CPU = Release|Any CPU
	EndGlobalSection
	GlobalSection(SolutionProperties) = preSolution
		HideSolutionNode = FALSE
	EndGlobalSection
	GlobalSection(ProjectConfigurationPlatforms) = postSolution
		{735F5CB0-2BD5-4BE4-86FF-794EF5519E78}.Debug|Any CPU.ActiveCfg = Debug|Any CPU
		{735F5CB0-2BD5-4BE4-86FF-794EF5519E78}.Debug|Any CPU.Build.0 = Debug|Any CPU
		{735F5CB0-2BD5-4BE4-86FF-794EF5519E78}.Release|Any CPU.ActiveCfg = Release|Any CPU
		{735F5CB0-2BD5-4BE4-86FF-794EF5519E78}.Release|Any CPU.Build.0 = Release|Any CPU
		{59264D03-A1D6-4C1D-A77F-4486B846DB1D}.Debug|Any CPU.ActiveCfg = Debug|Any CPU
		{59264D03-A1D6-4C1D-A77F-4486B846DB1D}.Debug|Any CPU.Build.0 = Debug|Any CPU
		{59264D03-A1D6-4C1D-A77F-4486B846DB1D}.Release|Any CPU.ActiveCfg = Release|Any CPU
		{59264D03-A1D6-4C1D-A77F-4486B846DB1D}.Release|Any CPU.Build.0 = Release|Any CPU
	EndGlobalSection
EndGlobal
